
Microsoft Visual Studio Solution File, Format Version 9.00
# Visual Studio 2005
Project("{E24C65DC-7377-472B-9ABA-BC803B73C61A}") = "C:\...\ParseSite\", "..\..\Source\ParseSite\", "{A4C891D5-CC04-4A2F-A54A-9A8FBE6418F1}"
	ProjectSection(WebsiteProperties) = preProject
		Debug.AspNetCompiler.VirtualPath = "/ParseSite"
		Debug.AspNetCompiler.PhysicalPath = "..\..\Source\ParseSite\"
		Debug.AspNetCompiler.TargetPath = "PrecompiledWeb\ParseSite\"
		Debug.AspNetCompiler.Updateable = "true"
		Debug.AspNetCompiler.ForceOverwrite = "true"
		Debug.AspNetCompiler.FixedNames = "false"
		Debug.AspNetCompiler.Debug = "True"
		Release.AspNetCompiler.VirtualPath = "/ParseSite"
		Release.AspNetCompiler.PhysicalPath = "..\..\Source\ParseSite\"
		Release.AspNetCompiler.TargetPath = "PrecompiledWeb\ParseSite\"
		Release.AspNetCompiler.Updateable = "true"
		Release.AspNetCompiler.ForceOverwrite = "true"
		Release.AspNetCompiler.FixedNames = "false"
		Release.AspNetCompiler.Debug = "False"
		VWDPort = "1285"
		DefaultWebSiteLanguage = "Visual C#"
	EndProjectSection
EndProject
Global
	GlobalSection(SolutionConfigurationPlatforms) = preSolution
		Debug|.NET = Debug|.NET
	EndGlobalSection
	GlobalSection(ProjectConfigurationPlatforms) = postSolution
		{A4C891D5-CC04-4A2F-A54A-9A8FBE6418F1}.Debug|.NET.ActiveCfg = Debug|.NET
		{A4C891D5-CC04-4A2F-A54A-9A8FBE6418F1}.Debug|.NET.Build.0 = Debug|.NET
	EndGlobalSection
	GlobalSection(SolutionProperties) = preSolution
		HideSolutionNode = FALSE
	EndGlobalSection
EndGlobal
